
Microsoft Visual Studio Solution File, Format Version 11.00
# Visual Studio 2010
Project("{FAE04EC0-301F-11D3-BF4B-00C04F79EFBC}") = "Assembly-CSharp", "Assembly-CSharp.csproj", "{085fd45d-a20b-f939-3b5d-cdeb484235dd}"
EndProject
Project("{FAE04EC0-301F-11D3-BF4B-00C04F79EFBC}") = "Assembly-CSharp-Editor", "Assembly-CSharp-Editor.csproj", "{fff43072-53e3-5ddb-4e10-09279a438501}"
EndProject
Global
	GlobalSection(SolutionConfigurationPlatforms) = preSolution
		Debug|Any CPU = Debug|Any CPU
		Release|Any CPU = Release|Any CPU
	EndGlobalSection
	GlobalSection(ProjectConfigurationPlatforms) = postSolution
		{085fd45d-a20b-f939-3b5d-cdeb484235dd}.Debug|Any CPU.ActiveCfg = Debug|Any CPU
		{085fd45d-a20b-f939-3b5d-cdeb484235dd}.Debug|Any CPU.Build.0 = Debug|Any CPU
		{085fd45d-a20b-f939-3b5d-cdeb484235dd}.Release|Any CPU.ActiveCfg = Release|Any CPU
		{085fd45d-a20b-f939-3b5d-cdeb484235dd}.Release|Any CPU.Build.0 = Release|Any CPU
		{fff43072-53e3-5ddb-4e10-09279a438501}.Debug|Any CPU.ActiveCfg = Debug|Any CPU
		{fff43072-53e3-5ddb-4e10-09279a438501}.Debug|Any CPU.Build.0 = Debug|Any CPU
		{fff43072-53e3-5ddb-4e10-09279a438501}.Release|Any CPU.ActiveCfg = Release|Any CPU
		{fff43072-53e3-5ddb-4e10-09279a438501}.Release|Any CPU.Build.0 = Release|Any CPU
	EndGlobalSection
	GlobalSection(SolutionProperties) = preSolution
		HideSolutionNode = FALSE
	EndGlobalSection
EndGlobal
